
Microsoft Visual Studio Solution File, Format Version 12.00
# Visual Studio Version 16
VisualStudioVersion = 16.0.33529.622
MinimumVisualStudioVersion = 10.0.40219.1
Project("{FAE04EC0-301F-11D3-BF4B-00C04F79EFBC}") = "Cinema_CRUD", "Cinema_CRUD\Cinema_CRUD.csproj", "{C61904E0-127D-4E90-BE3F-A82DCC3D6A25}"
EndProject
Global
	GlobalSection(SolutionConfigurationPlatforms) = preSolution
		Debug|Any CPU = Debug|Any CPU
		Release|Any CPU = Release|Any CPU
	EndGlobalSection
	GlobalSection(ProjectConfigurationPlatforms) = postSolution
		{C61904E0-127D-4E90-BE3F-A82DCC3D6A25}.Debug|Any CPU.ActiveCfg = Debug|Any CPU
		{C61904E0-127D-4E90-BE3F-A82DCC3D6A25}.Debug|Any CPU.Build.0 = Debug|Any CPU
		{C61904E0-127D-4E90-BE3F-A82DCC3D6A25}.Release|Any CPU.ActiveCfg = Release|Any CPU
		{C61904E0-127D-4E90-BE3F-A82DCC3D6A25}.Release|Any CPU.Build.0 = Release|Any CPU
	EndGlobalSection
	GlobalSection(SolutionProperties) = preSolution
		HideSolutionNode = FALSE
	EndGlobalSection
	GlobalSection(ExtensibilityGlobals) = postSolution
		SolutionGuid = {29475AEA-88CC-4054-858F-241B29F2FE51}
	EndGlobalSection
EndGlobal
